Microsoft Visual Studio Solution File, Format Version 12.00
# Visual Studio Version 17
VisualStudioVersion = 17.5.2.0
MinimumVisualStudioVersion = 10.0.40219.1
Project("{FAE04EC0-301F-11D3-BF4B-00C04F79EFBC}") = "ui+logic", "ui+logic.csproj", "{D548F598-E848-3329-5574-D553B1895F8D}"
EndProject
Global
	GlobalSection(SolutionConfigurationPlatforms) = preSolution
		Debug|Any CPU = Debug|Any CPU
		Release|Any CPU = Release|Any CPU
	EndGlobalSection
	GlobalSection(ProjectConfigurationPlatforms) = postSolution
		{D548F598-E848-3329-5574-D553B1895F8D}.Debug|Any CPU.ActiveCfg = Debug|Any CPU
		{D548F598-E848-3329-5574-D553B1895F8D}.Debug|Any CPU.Build.0 = Debug|Any CPU
		{D548F598-E848-3329-5574-D553B1895F8D}.Release|Any CPU.ActiveCfg = Release|Any CPU
		{D548F598-E848-3329-5574-D553B1895F8D}.Release|Any CPU.Build.0 = Release|Any CPU
	EndGlobalSection
	GlobalSection(SolutionProperties) = preSolution
		HideSolutionNode = FALSE
	EndGlobalSection
	GlobalSection(ExtensibilityGlobals) = postSolution
		SolutionGuid = {2CB4F50E-34CA-46BF-BB9A-625A1E354045}
	EndGlobalSection
EndGlobal
